// !$*UTF8*$!
{
	archiveVersion = 1;
	classes = {
	};
	objectVersion = 48;
	objects = {

/* Begin PBXBuildFile section */
		CBBFAC862007EABD0028FDB2 /* AppDelegate.swift in Sources */ = {isa = PBXBuildFile; fileRef = CBBFAC852007EABD0028FDB2 /* AppDelegate.swift */; };
		CBBFAC882007EABD0028FDB2 /* ViewController.swift in Sources */ = {isa = PBXBuildFile; fileRef = CBBFAC872007EABD0028FDB2 /* ViewController.swift */; };
		CBBFAC8B2007EABD0028FDB2 /* Main.storyboard in Resources */ = {isa = PBXBuildFile; fileRef = CBBFAC892007EABD0028FDB2 /* Main.storyboard */; };
		CBBFAC8D2007EABD0028FDB2 /* Assets.xcassets in Resources */ = {isa = PBXBuildFile; fileRef = CBBFAC8C2007EABD0028FDB2 /* Assets.xcassets */; };
		CBBFAC902007EABD0028FDB2 /* LaunchScreen.storyboard in Resources */ = {isa = PBXBuildFile; fileRef = CBBFAC8E2007EABD0028FDB2 /* LaunchScreen.storyboard */; };
		CBBFAC9B2007EABD0028FDB2 /* LiveTonightTests.swift in Sources */ = {isa = PBXBuildFile; fileRef = CBBFAC9A2007EABD0028FDB2 /* LiveTonightTests.swift */; };
		CBBFACA62007EABD0028FDB2 /* LiveTonightUITests.swift in Sources */ = {isa = PBXBuildFile; fileRef = CBBFACA52007EABD0028FDB2 /* LiveTonightUITests.swift */; };
/* End PBXBuildFile section */

/* Begin PBXContainerItemProxy section */
		CBBFAC972007EABD0028FDB2 /* PBXContainerItemProxy */ = {
			isa = PBXContainerItemProxy;
			containerPortal = CBBFAC7A2007EABD0028FDB2 /* Project object */;
			proxyType = 1;
			remoteGlobalIDString = CBBFAC812007EABD0028FDB2;
			remoteInfo = LiveTonight;
		};
		CBBFACA22007EABD0028FDB2 /* PBXContainerItemProxy */ = {
			isa = PBXContainerItemProxy;
			containerPortal = CBBFAC7A2007EABD0028FDB2 /* Project object */;
			proxyType = 1;
			remoteGlobalIDString = CBBFAC812007EABD0028FDB2;
			remoteInfo = LiveTonight;
		};
/* End PBXContainerItemProxy section */

/* Begin PBXFileReference section */
		CBBFAC822007EABD0028FDB2 /* LiveTonight.app */ = {isa = PBXFileReference; explicitFileType = wrapper.application; includeInIndex = 0; path = LiveTonight.app; sourceTree = BUILT_PRODUCTS_DIR; };
		CBBFAC852007EABD0028FDB2 /* AppDelegate.swift */ = {isa = PBXFileReference; lastKnownFileType = sourcecode.swift; path = AppDelegate.swift; sourceTree = "<group>"; };
		CBBFAC872007EABD0028FDB2 /* ViewController.swift */ = {isa = PBXFileReference; lastKnownFileType = sourcecode.swift; path = ViewController.swift; sourceTree = "<group>"; };
		CBBFAC8A2007EABD0028FDB2 /* Base */ = {isa = PBXFileReference; lastKnownFileType = file.storyboard; name = Base; path = Base.lproj/Main.storyboard; sourceTree = "<group>"; };
		CBBFAC8C2007EABD0028FDB2 /* Assets.xcassets */ = {isa = PBXFileReference; lastKnownFileType = folder.assetcatalog; path = Assets.xcassets; sourceTree = "<group>"; };
		CBBFAC8F2007EABD0028FDB2 /* Base */ = {isa = PBXFileReference; lastKnownFileType = file.storyboard; name = Base; path = Base.lproj/LaunchScreen.storyboard; sourceTree = "<group>"; };
		CBBFAC912007EABD0028FDB2 /* Info.plist */ = {isa = PBXFileReference; lastKnownFileType = text.plist.xml; path = Info.plist; sourceTree = "<group>"; };
		CBBFAC962007EABD0028FDB2 /* LiveTonightTests.xctest */ = {isa = PBXFileReference; explicitFileType = wrapper.cfbundle; includeInIndex = 0; path = LiveTonightTests.xctest; sourceTree = BUILT_PRODUCTS_DIR; };
		CBBFAC9A2007EABD0028FDB2 /* LiveTonightTests.swift */ = {isa = PBXFileReference; lastKnownFileType = sourcecode.swift; path = LiveTonightTests.swift; sourceTree = "<group>"; };
		CBBFAC9C2007EABD0028FDB2 /* Info.plist */ = {isa = PBXFileReference; lastKnownFileType = text.plist.xml; path = Info.plist; sourceTree = "<group>"; };
		CBBFACA12007EABD0028FDB2 /* LiveTonightUITests.xctest */ = {isa = PBXFileReference; explicitFileType = wrapper.cfbundle; includeInIndex = 0; path = LiveTonightUITests.xctest; sourceTree = BUILT_PRODUCTS_DIR; };
		CBBFACA52007EABD0028FDB2 /* LiveTonightUITests.swift */ = {isa = PBXFileReference; lastKnownFileType = sourcecode.swift; path = LiveTonightUITests.swift; sourceTree = "<group>"; };
		CBBFACA72007EABD0028FDB2 /* Info.plist */ = {isa = PBXFileReference; lastKnownFileType = text.plist.xml; path = Info.plist; sourceTree = "<group>"; };
/* End PBXFileReference section */

/* Begin PBXFrameworksBuildPhase section */
		CBBFAC7F2007EABD0028FDB2 /* Frameworks */ = {
			isa = PBXFrameworksBuildPhase;
			buildActionMask = 2147483647;
			files = (
			);
			runOnlyForDeploymentPostprocessing = 0;
		};
		CBBFAC932007EABD0028FDB2 /* Frameworks */ = {
			isa = PBXFrameworksBuildPhase;
			buildActionMask = 2147483647;
			files = (
			);
			runOnlyForDeploymentPostprocessing = 0;
		};
		CBBFAC9E2007EABD0028FDB2 /* Frameworks */ = {
			isa = PBXFrameworksBuildPhase;
			buildActionMask = 2147483647;
			files = (
			);
			runOnlyForDeploymentPostprocessing = 0;
		};
/* End PBXFrameworksBuildPhase section */

/* Begin PBXGroup section */
		CBBFAC792007EABD0028FDB2 = {
			isa = PBXGroup;
			children = (
				CBBFAC842007EABD0028FDB2 /* LiveTonight */,
				CBBFAC992007EABD0028FDB2 /* LiveTonightTests */,
				CBBFACA42007EABD0028FDB2 /* LiveTonightUITests */,
				CBBFAC832007EABD0028FDB2 /* Products */,
			);
			sourceTree = "<group>";
		};
		CBBFAC832007EABD0028FDB2 /* Products */ = {
			isa = PBXGroup;
			children = (
				CBBFAC822007EABD0028FDB2 /* LiveTonight.app */,
				CBBFAC962007EABD0028FDB2 /* LiveTonightTests.xctest */,
				CBBFACA12007EABD0028FDB2 /* LiveTonightUITests.xctest */,
			);
			name = Products;
			sourceTree = "<group>";
		};
		CBBFAC842007EABD0028FDB2 /* LiveTonight */ = {
			isa = PBXGroup;
			children = (
				CBBFAC852007EABD0028FDB2 /* AppDelegate.swift */,
				CBBFAC872007EABD0028FDB2 /* ViewController.swift */,
				CBBFAC892007EABD0028FDB2 /* Main.storyboard */,
				CBBFAC8C2007EABD0028FDB2 /* Assets.xcassets */,
				CBBFAC8E2007EABD0028FDB2 /* LaunchScreen.storyboard */,
				CBBFAC912007EABD0028FDB2 /* Info.plist */,
			);
			path = LiveTonight;
			sourceTree = "<group>";
		};
		CBBFAC992007EABD0028FDB2 /* LiveTonightTests */ = {
			isa = PBXGroup;
			children = (
				CBBFAC9A2007EABD0028FDB2 /* LiveTonightTests.swift */,
				CBBFAC9C2007EABD0028FDB2 /* Info.plist */,
			);
			path = LiveTonightTests;
			sourceTree = "<group>";
		};
		CBBFACA42007EABD0028FDB2 /* LiveTonightUITests */ = {
			isa = PBXGroup;
			children = (
				CBBFACA52007EABD0028FDB2 /* LiveTonightUITests.swift */,
				CBBFACA72007EABD0028FDB2 /* Info.plist */,
			);
			path = LiveTonightUITests;
			sourceTree = "<group>";
		};
/* End PBXGroup section */

/* Begin PBXNativeTarget section */
		CBBFAC812007EABD0028FDB2 /* LiveTonight */ = {
			isa = PBXNativeTarget;
			buildConfigurationList = CBBFACAA2007EABD0028FDB2 /* Build configuration list for PBXNativeTarget "LiveTonight" */;
			buildPhases = (
				CBBFAC7E2007EABD0028FDB2 /* Sources */,
				CBBFAC7F2007EABD0028FDB2 /* Frameworks */,
				CBBFAC802007EABD0028FDB2 /* Resources */,
			);
			buildRules = (
			);
			dependencies = (
			);
			name = LiveTonight;
			productName = LiveTonight;
			productReference = CBBFAC822007EABD0028FDB2 /* LiveTonight.app */;
			productType = "com.apple.product-type.application";
		};
		CBBFAC952007EABD0028FDB2 /* LiveTonightTests */ = {
			isa = PBXNativeTarget;
			buildConfigurationList = CBBFACAD2007EABD0028FDB2 /* Build configuration list for PBXNativeTarget "LiveTonightTests" */;
			buildPhases = (
				CBBFAC922007EABD0028FDB2 /* Sources */,
				CBBFAC932007EABD0028FDB2 /* Frameworks */,
				CBBFAC942007EABD0028FDB2 /* Resources */,
			);
			buildRules = (
			);
			dependencies = (
				CBBFAC982007EABD0028FDB2 /* PBXTargetDependency */,
			);
			name = LiveTonightTests;
			productName = LiveTonightTests;
			productReference = CBBFAC962007EABD0028FDB2 /* LiveTonightTests.xctest */;
			productType = "com.apple.product-type.bundle.unit-test";
		};
		CBBFACA02007EABD0028FDB2 /* LiveTonightUITests */ = {
			isa = PBXNativeTarget;
			buildConfigurationList = CBBFACB02007EABD0028FDB2 /* Build configuration list for PBXNativeTarget "LiveTonightUITests" */;
			buildPhases = (
				CBBFAC9D2007EABD0028FDB2 /* Sources */,
				CBBFAC9E2007EABD0028FDB2 /* Frameworks */,
				CBBFAC9F2007EABD0028FDB2 /* Resources */,
			);
			buildRules = (
			);
			dependencies = (
				CBBFACA32007EABD0028FDB2 /* PBXTargetDependency */,
			);
			name = LiveTonightUITests;
			productName = LiveTonightUITests;
			productReference = CBBFACA12007EABD0028FDB2 /* LiveTonightUITests.xctest */;
			productType = "com.apple.product-type.bundle.ui-testing";
		};
/* End PBXNativeTarget section */

/* Begin PBXProject section */
		CBBFAC7A2007EABD0028FDB2 /* Project object */ = {
			isa = PBXProject;
			attributes = {
				LastSwiftUpdateCheck = 0920;
				LastUpgradeCheck = 0920;
				ORGANIZATIONNAME = "Tanja  Stroble";
				TargetAttributes = {
					CBBFAC812007EABD0028FDB2 = {
						CreatedOnToolsVersion = 9.2;
						ProvisioningStyle = Automatic;
					};
					CBBFAC952007EABD0028FDB2 = {
						CreatedOnToolsVersion = 9.2;
						ProvisioningStyle = Automatic;
						TestTargetID = CBBFAC812007EABD0028FDB2;
					};
					CBBFACA02007EABD0028FDB2 = {
						CreatedOnToolsVersion = 9.2;
						ProvisioningStyle = Automatic;
						TestTargetID = CBBFAC812007EABD0028FDB2;
					};
				};
			};
			buildConfigurationList = CBBFAC7D2007EABD0028FDB2 /* Build configuration list for PBXProject "LiveTonight" */;
			compatibilityVersion = "Xcode 8.0";
			developmentRegion = en;
			hasScannedForEncodings = 0;
			knownRegions = (
				en,
				Base,
			);
			mainGroup = CBBFAC792007EABD0028FDB2;
			productRefGroup = CBBFAC832007EABD0028FDB2 /* Products */;
			projectDirPath = "";
			projectRoot = "";
			targets = (
				CBBFAC812007EABD0028FDB2 /* LiveTonight */,
				CBBFAC952007EABD0028FDB2 /* LiveTonightTests */,
				CBBFACA02007EABD0028FDB2 /* LiveTonightUITests */,
			);
		};
/* End PBXProject section */

/* Begin PBXResourcesBuildPhase section */
		CBBFAC802007EABD0028FDB2 /* Resources */ = {
			isa = PBXResourcesBuildPhase;
			buildActionMask = 2147483647;
			files = (
				CBBFAC902007EABD0028FDB2 /* LaunchScreen.storyboard in Resources */,
				CBBFAC8D2007EABD0028FDB2 /* Assets.xcassets in Resources */,
				CBBFAC8B2007EABD0028FDB2 /* Main.storyboard in Resources */,
			);
			runOnlyForDeploymentPostprocessing = 0;
		};
		CBBFAC942007EABD0028FDB2 /* Resources */ = {
			isa = PBXResourcesBuildPhase;
			buildActionMask = 2147483647;
			files = (
			);
			runOnlyForDeploymentPostprocessing = 0;
		};
		CBBFAC9F2007EABD0028FDB2 /* Resources */ = {
			isa = PBXResourcesBuildPhase;
			buildActionMask = 2147483647;
			files = (
			);
			runOnlyForDeploymentPostprocessing = 0;
		};
/* End PBXResourcesBuildPhase section */

/* Begin PBXSourcesBuildPhase section */
		CBBFAC7E2007EABD0028FDB2 /* Sources */ = {
			isa = PBXSourcesBuildPhase;
			buildActionMask = 2147483647;
			files = (
				CBBFAC882007EABD0028FDB2 /* ViewController.swift in Sources */,
				CBBFAC862007EABD0028FDB2 /* AppDelegate.swift in Sources */,
			);
			runOnlyForDeploymentPostprocessing = 0;
		};
		CBBFAC922007EABD0028FDB2 /* Sources */ = {
			isa = PBXSourcesBuildPhase;
			buildActionMask = 2147483647;
			files = (
				CBBFAC9B2007EABD0028FDB2 /* LiveTonightTests.swift in Sources */,
			);
			runOnlyForDeploymentPostprocessing = 0;
		};
		CBBFAC9D2007EABD0028FDB2 /* Sources */ = {
			isa = PBXSourcesBuildPhase;
			buildActionMask = 2147483647;
			files = (
				CBBFACA62007EABD0028FDB2 /* LiveTonightUITests.swift in Sources */,
			);
			runOnlyForDeploymentPostprocessing = 0;
		};
/* End PBXSourcesBuildPhase section */

/* Begin PBXTargetDependency section */
		CBBFAC982007EABD0028FDB2 /* PBXTargetDependency */ = {
			isa = PBXTargetDependency;
			target = CBBFAC812007EABD0028FDB2 /* LiveTonight */;
			targetProxy = CBBFAC972007EABD0028FDB2 /* PBXContainerItemProxy */;
		};
		CBBFACA32007EABD0028FDB2 /* PBXTargetDependency */ = {
			isa = PBXTargetDependency;
			target = CBBFAC812007EABD0028FDB2 /* LiveTonight */;
			targetProxy = CBBFACA22007EABD0028FDB2 /* PBXContainerItemProxy */;
		};
/* End PBXTargetDependency section */

/* Begin PBXVariantGroup section */
		CBBFAC892007EABD0028FDB2 /* Main.storyboard */ = {
			isa = PBXVariantGroup;
			children = (
				CBBFAC8A2007EABD0028FDB2 /* Base */,
			);
			name = Main.storyboard;
			sourceTree = "<group>";
		};
		CBBFAC8E2007EABD0028FDB2 /* LaunchScreen.storyboard */ = {
			isa = PBXVariantGroup;
			children = (
				CBBFAC8F2007EABD0028FDB2 /* Base */,
			);
			name = LaunchScreen.storyboard;
			sourceTree = "<group>";
		};
/* End PBXVariantGroup section */

/* Begin XCBuildConfiguration section */
		CBBFACA82007EABD0028FDB2 /* Debug */ = {
			isa = XCBuildConfiguration;
			buildSettings = {
				ALWAYS_SEARCH_USER_PATHS = NO;
				CLANG_ANALYZER_NONNULL = YES;
				CLANG_ANALYZER_NUMBER_OBJECT_CONVERSION = YES_AGGRESSIVE;
				CLANG_CXX_LANGUAGE_STANDARD = "gnu++14";
				CLANG_CXX_LIBRARY = "libc++";
				CLANG_ENABLE_MODULES = YES;
				CLANG_ENABLE_OBJC_ARC = YES;
				CLANG_WARN_BLOCK_CAPTURE_AUTORELEASING = YES;
				CLANG_WARN_BOOL_CONVERSION = YES;
				CLANG_WARN_COMMA = YES;
				CLANG_WARN_CONSTANT_CONVERSION = YES;
				CLANG_WARN_DIRECT_OBJC_ISA_USAGE = YES_ERROR;
				CLANG_WARN_DOCUMENTATION_COMMENTS = YES;
				CLANG_WARN_EMPTY_BODY = YES;
				CLANG_WARN_ENUM_CONVERSION = YES;
				CLANG_WARN_INFINITE_RECURSION = YES;
				CLANG_WARN_INT_CONVERSION = YES;
				CLANG_WARN_NON_LITERAL_NULL_CONVERSION = YES;
				CLANG_WARN_OBJC_LITERAL_CONVERSION = YES;
				CLANG_WARN_OBJC_ROOT_CLASS = YES_ERROR;
				CLANG_WARN_RANGE_LOOP_ANALYSIS = YES;
				CLANG_WARN_STRICT_PROTOTYPES = YES;
				CLANG_WARN_SUSPICIOUS_MOVE = YES;
				CLANG_WARN_UNGUARDED_AVAILABILITY = YES_AGGRESSIVE;
				CLANG_WARN_UNREACHABLE_CODE = YES;
				CLANG_WARN__DUPLICATE_METHOD_MATCH = YES;
				CODE_SIGN_IDENTITY = "iPhone Developer";
				COPY_PHASE_STRIP = NO;
				DEBUG_INFORMATION_FORMAT = dwarf;
				ENABLE_STRICT_OBJC_MSGSEND = YES;
				ENABLE_TESTABILITY = YES;
				GCC_C_LANGUAGE_STANDARD = gnu11;
				GCC_DYNAMIC_NO_PIC = NO;
				GCC_NO_COMMON_BLOCKS = YES;
				GCC_OPTIMIZATION_LEVEL = 0;
				GCC_PREPROCESSOR_DEFINITIONS = (
					"DEBUG=1",
					"$(inherited)",
				);
				GCC_WARN_64_TO_32_BIT_CONVERSION = YES;
				GCC_WARN_ABOUT_RETURN_TYPE = YES_ERROR;
				GCC_WARN_UNDECLARED_SELECTOR = YES;
				GCC_WARN_UNINITIALIZED_AUTOS = YES_AGGRESSIVE;
				GCC_WARN_UNUSED_FUNCTION = YES;
				GCC_WARN_UNUSED_VARIABLE = YES;
				IPHONEOS_DEPLOYMENT_TARGET = 11.2;
				MTL_ENABLE_DEBUG_INFO = YES;
				ONLY_ACTIVE_ARCH = YES;
				SDKROOT = iphoneos;
				SWIFT_ACTIVE_COMPILATION_CONDITIONS = DEBUG;
				SWIFT_OPTIMIZATION_LEVEL = "-Onone";
			};
			name = Debug;
		};
		CBBFACA92007EABD0028FDB2 /* Release */ = {
			isa = XCBuildConfiguration;
			buildSettings = {
				ALWAYS_SEARCH_USER_PATHS = NO;
				CLANG_ANALYZER_NONNULL = YES;
				CLANG_ANALYZER_NUMBER_OBJECT_CONVERSION = YES_AGGRESSIVE;
				CLANG_CXX_LANGUAGE_STANDARD = "gnu++14";
				CLANG_CXX_LIBRARY = "libc++";
				CLANG_ENABLE_MODULES = YES;
				CLANG_ENABLE_OBJC_ARC = YES;
				CLANG_WARN_BLOCK_CAPTURE_AUTORELEASING = YES;
				CLANG_WARN_BOOL_CONVERSION = YES;
				CLANG_WARN_COMMA = YES;
				CLANG_WARN_CONSTANT_CONVERSION = YES;
				CLANG_WARN_DIRECT_OBJC_ISA_USAGE = YES_ERROR;
				CLANG_WARN_DOCUMENTATION_COMMENTS = YES;
				CLANG_WARN_EMPTY_BODY = YES;
				CLANG_WARN_ENUM_CONVERSION = YES;
				CLANG_WARN_INFINITE_RECURSION = YES;
				CLANG_WARN_INT_CONVERSION = YES;
				CLANG_WARN_NON_LITERAL_NULL_CONVERSION = YES;
				CLANG_WARN_OBJC_LITERAL_CONVERSION = YES;
				CLANG_WARN_OBJC_ROOT_CLASS = YES_ERROR;
				CLANG_WARN_RANGE_LOOP_ANALYSIS = YES;
				CLANG_WARN_STRICT_PROTOTYPES = YES;
				CLANG_WARN_SUSPICIOUS_MOVE = YES;
				CLANG_WARN_UNGUARDED_AVAILABILITY = YES_AGGRESSIVE;
				CLANG_WARN_UNREACHABLE_CODE = YES;
				CLANG_WARN__DUPLICATE_METHOD_MATCH = YES;
				CODE_SIGN_IDENTITY = "iPhone Developer";
				COPY_PHASE_STRIP = NO;
				DEBUG_INFORMATION_FORMAT = "dwarf-with-dsym";
				ENABLE_NS_ASSERTIONS = NO;
				ENABLE_STRICT_OBJC_MSGSEND = YES;
				GCC_C_LANGUAGE_STANDARD = gnu11;
				GCC_NO_COMMON_BLOCKS = YES;
				GCC_WARN_64_TO_32_BIT_CONVERSION = YES;
				GCC_WARN_ABOUT_RETURN_TYPE = YES_ERROR;
				GCC_WARN_UNDECLARED_SELECTOR = YES;
				GCC_WARN_UNINITIALIZED_AUTOS = YES_AGGRESSIVE;
				GCC_WARN_UNUSED_FUNCTION = YES;
				GCC_WARN_UNUSED_VARIABLE = YES;
				IPHONEOS_DEPLOYMENT_TARGET = 11.2;
				MTL_ENABLE_DEBUG_INFO = NO;
				SDKROOT = iphoneos;
				SWIFT_OPTIMIZATION_LEVEL = "-Owholemodule";
				VALIDATE_PRODUCT = YES;
			};
			name = Release;
		};
		CBBFACAB2007EABD0028FDB2 /* Debug */ = {
			isa = XCBuildConfiguration;
			buildSettings = {
				ASSETCATALOG_COMPILER_APPICON_NAME = AppIcon;
				CODE_SIGN_STYLE = Automatic;
				DEVELOPMENT_TEAM = RK8692CCSK;
				INFOPLIST_FILE = LiveTonight/Info.plist;
				LD_RUNPATH_SEARCH_PATHS = "$(inherited) @executable_path/Frameworks";
				PRODUCT_BUNDLE_IDENTIFIER = Tanja.LiveTonight;
				PRODUCT_NAME = "$(TARGET_NAME)";
				SWIFT_VERSION = 4.0;
				TARGETED_DEVICE_FAMILY = "1,2";
			};
			name = Debug;
		};
		CBBFACAC2007EABD0028FDB2 /* Release */ = {
			isa = XCBuildConfiguration;
			buildSettings = {
				ASSETCATALOG_COMPILER_APPICON_NAME = AppIcon;
				CODE_SIGN_STYLE = Automatic;
				DEVELOPMENT_TEAM = RK8692CCSK;
				INFOPLIST_FILE = LiveTonight/Info.plist;
				LD_RUNPATH_SEARCH_PATHS = "$(inherited) @executable_path/Frameworks";
				PRODUCT_BUNDLE_IDENTIFIER = Tanja.LiveTonight;
				PRODUCT_NAME = "$(TARGET_NAME)";
				SWIFT_VERSION = 4.0;
				TARGETED_DEVICE_FAMILY = "1,2";
			};
			name = Release;
		};
		CBBFACAE2007EABD0028FDB2 /* Debug */ = {
			isa = XCBuildConfiguration;
			buildSettings = {
				ALWAYS_EMBED_SWIFT_STANDARD_LIBRARIES = YES;
				BUNDLE_LOADER = "$(TEST_HOST)";
				CODE_SIGN_STYLE = Automatic;
				DEVELOPMENT_TEAM = RK8692CCSK;
				INFOPLIST_FILE = LiveTonightTests/Info.plist;
				LD_RUNPATH_SEARCH_PATHS = "$(inherited) @executable_path/Frameworks @loader_path/Frameworks";
				PRODUCT_BUNDLE_IDENTIFIER = Tanja.LiveTonightTests;
				PRODUCT_NAME = "$(TARGET_NAME)";
				SWIFT_VERSION = 4.0;
				TARGETED_DEVICE_FAMILY = "1,2";
				TEST_HOST = "$(BUILT_PRODUCTS_DIR)/LiveTonight.app/LiveTonight";
			};
			name = Debug;
		};
		CBBFACAF2007EABD0028FDB2 /* Release */ = {
			isa = XCBuildConfiguration;
			buildSettings = {
				ALWAYS_EMBED_SWIFT_STANDARD_LIBRARIES = YES;
				BUNDLE_LOADER = "$(TEST_HOST)";
				CODE_SIGN_STYLE = Automatic;
				DEVELOPMENT_TEAM = RK8692CCSK;
				INFOPLIST_FILE = LiveTonightTests/Info.plist;
				LD_RUNPATH_SEARCH_PATHS = "$(inherited) @executable_path/Frameworks @loader_path/Frameworks";
				PRODUCT_BUNDLE_IDENTIFIER = Tanja.LiveTonightTests;
				PRODUCT_NAME = "$(TARGET_NAME)";
				SWIFT_VERSION = 4.0;
				TARGETED_DEVICE_FAMILY = "1,2";
				TEST_HOST = "$(BUILT_PRODUCTS_DIR)/LiveTonight.app/LiveTonight";
			};
			name = Release;
		};
		CBBFACB12007EABD0028FDB2 /* Debug */ = {
			isa = XCBuildConfiguration;
			buildSettings = {
				ALWAYS_EMBED_SWIFT_STANDARD_LIBRARIES = YES;
				CODE_SIGN_STYLE = Automatic;
				DEVELOPMENT_TEAM = RK8692CCSK;
				INFOPLIST_FILE = LiveTonightUITests/Info.plist;
				LD_RUNPATH_SEARCH_PATHS = "$(inherited) @executable_path/Frameworks @loader_path/Frameworks";
				PRODUCT_BUNDLE_IDENTIFIER = Tanja.LiveTonightUITests;
				PRODUCT_NAME = "$(TARGET_NAME)";
				SWIFT_VERSION = 4.0;
				TARGETED_DEVICE_FAMILY = "1,2";
				TEST_TARGET_NAME = LiveTonight;
			};
			name = Debug;
		};
		CBBFACB22007EABD0028FDB2 /* Release */ = {
			isa = XCBuildConfiguration;
			buildSettings = {
				ALWAYS_EMBED_SWIFT_STANDARD_LIBRARIES = YES;
				CODE_SIGN_STYLE = Automatic;
				DEVELOPMENT_TEAM = RK8692CCSK;
				INFOPLIST_FILE = LiveTonightUITests/Info.plist;
				LD_RUNPATH_SEARCH_PATHS = "$(inherited) @executable_path/Frameworks @loader_path/Frameworks";
				PRODUCT_BUNDLE_IDENTIFIER = Tanja.LiveTonightUITests;
				PRODUCT_NAME = "$(TARGET_NAME)";
				SWIFT_VERSION = 4.0;
				TARGETED_DEVICE_FAMILY = "1,2";
				TEST_TARGET_NAME = LiveTonight;
			};
			name = Release;
		};
/* End XCBuildConfiguration section */

/* Begin XCConfigurationList section */
		CBBFAC7D2007EABD0028FDB2 /* Build configuration list for PBXProject "LiveTonight" */ = {
			isa = XCConfigurationList;
			buildConfigurations = (
				CBBFACA82007EABD0028FDB2 /* Debug */,
				CBBFACA92007EABD0028FDB2 /* Release */,
			);
			defaultConfigurationIsVisible = 0;
			defaultConfigurationName = Release;
		};
		CBBFACAA2007EABD0028FDB2 /* Build configuration list for PBXNativeTarget "LiveTonight" */ = {
			isa = XCConfigurationList;
			buildConfigurations = (
				CBBFACAB2007EABD0028FDB2 /* Debug */,
				CBBFACAC2007EABD0028FDB2 /* Release */,
			);
			defaultConfigurationIsVisible = 0;
			defaultConfigurationName = Release;
		};
		CBBFACAD2007EABD0028FDB2 /* Build configuration list for PBXNativeTarget "LiveTonightTests" */ = {
			isa = XCConfigurationList;
			buildConfigurations = (
				CBBFACAE2007EABD0028FDB2 /* Debug */,
				CBBFACAF2007EABD0028FDB2 /* Release */,
			);
			defaultConfigurationIsVisible = 0;
			defaultConfigurationName = Release;
		};
		CBBFACB02007EABD0028FDB2 /* Build configuration list for PBXNativeTarget "LiveTonightUITests" */ = {
			isa = XCConfigurationList;
			buildConfigurations = (
				CBBFACB12007EABD0028FDB2 /* Debug */,
				CBBFACB22007EABD0028FDB2 /* Release */,
			);
			defaultConfigurationIsVisible = 0;
			defaultConfigurationName = Release;
		};
/* End XCConfigurationList section */
	};
	rootObject = CBBFAC7A2007EABD0028FDB2 /* Project object */;
}
